
Microsoft Visual Studio Solution File, Format Version 12.00
# Visual Studio Version 17
VisualStudioVersion = 17.7.34031.279
MinimumVisualStudioVersion = 10.0.40219.1
Project("{FAE04EC0-301F-11D3-BF4B-00C04F79EFBC}") = "Mastermind", "Mastermind\Mastermind.csproj", "{8A59EDFF-12E3-42E1-A200-CB6B7A75AE65}"
EndProject
Global
	GlobalSection(SolutionConfigurationPlatforms) = preSolution
		Debug|Any CPU = Debug|Any CPU
		Release|Any CPU = Release|Any CPU
	EndGlobalSection
	GlobalSection(ProjectConfigurationPlatforms) = postSolution
		{8A59EDFF-12E3-42E1-A200-CB6B7A75AE65}.Debug|Any CPU.ActiveCfg = Debug|Any CPU
		{8A59EDFF-12E3-42E1-A200-CB6B7A75AE65}.Debug|Any CPU.Build.0 = Debug|Any CPU
		{8A59EDFF-12E3-42E1-A200-CB6B7A75AE65}.Release|Any CPU.ActiveCfg = Release|Any CPU
		{8A59EDFF-12E3-42E1-A200-CB6B7A75AE65}.Release|Any CPU.Build.0 = Release|Any CPU
	EndGlobalSection
	GlobalSection(SolutionProperties) = preSolution
		HideSolutionNode = FALSE
	EndGlobalSection
	GlobalSection(ExtensibilityGlobals) = postSolution
		SolutionGuid = {4ABAF161-858C-47D6-BE38-0B241A3DCB22}
	EndGlobalSection
EndGlobal
